PODS:
  - LightweightCharts (5.1.0)

DEPENDENCIES:
  - LightweightCharts (from `../`)

EXTERNAL SOURCES:
  LightweightCharts:
    :path: "../"

SPEC CHECKSUMS:
  LightweightCharts: d4b6fbe39eb219b7bdb421cb36d5ceacb9b97069

PODFILE CHECKSUM: 10aa45b030d82b96cfc0e4e3b143c5488576107b

COCOAPODS: 1.16.2
