PODS:
  - LightweightCharts (5.1.0)

DEPENDENCIES:
  - LightweightCharts (from `../`)

EXTERNAL SOURCES:
  LightweightCharts:
    :path: "../"

SPEC CHECKSUMS:
  LightweightCharts: d4b6fbe39eb219b7bdb421cb36d5ceacb9b97069

PODFILE CHECKSUM: 3fb4fdb510b7eb1987bbd77b7cbd91c4ddcff1ca

COCOAPODS: 1.16.2
